// !$*UTF8*$!
{
	archiveVersion = 1;
	classes = {
	};
	objectVersion = 56;
	objects = {

/* Begin PBXBuildFile section */
		8467005B2A85CF700057FD52 /* simple_dice_gameApp.swift in Sources */ = {isa = PBXBuildFile; fileRef = 8467005A2A85CF700057FD52 /* simple_dice_gameApp.swift */; };
		8467005D2A85CF700057FD52 /* ContentView.swift in Sources */ = {isa = PBXBuildFile; fileRef = 8467005C2A85CF700057FD52 /* ContentView.swift */; };
		8467005F2A85CF710057FD52 /* Assets.xcassets in Resources */ = {isa = PBXBuildFile; fileRef = 8467005E2A85CF710057FD52 /* Assets.xcassets */; };
		846700622A85CF710057FD52 /* Preview Assets.xcassets in Resources */ = {isa = PBXBuildFile; fileRef = 846700612A85CF710057FD52 /* Preview Assets.xcassets */; };
		846700712A85CFB50057FD52 /* bet-chip.mp3 in Resources */ = {isa = PBXBuildFile; fileRef = 846700692A85CFB50057FD52 /* bet-chip.mp3 */; };
		846700722A85CFB50057FD52 /* blink.mp3 in Resources */ = {isa = PBXBuildFile; fileRef = 8467006A2A85CFB50057FD52 /* blink.mp3 */; };
		846700732A85CFB50057FD52 /* winning.mp3 in Resources */ = {isa = PBXBuildFile; fileRef = 8467006B2A85CFB50057FD52 /* winning.mp3 */; };
		846700742A85CFB50057FD52 /* spin.mp3 in Resources */ = {isa = PBXBuildFile; fileRef = 8467006C2A85CFB50057FD52 /* spin.mp3 */; };
		846700752A85CFB50057FD52 /* gameover.mp3 in Resources */ = {isa = PBXBuildFile; fileRef = 8467006D2A85CFB50057FD52 /* gameover.mp3 */; };
		846700762A85CFB50057FD52 /* drum-music.mp3 in Resources */ = {isa = PBXBuildFile; fileRef = 8467006E2A85CFB50057FD52 /* drum-music.mp3 */; };
		846700772A85CFB50057FD52 /* highscore.mp3 in Resources */ = {isa = PBXBuildFile; fileRef = 8467006F2A85CFB50057FD52 /* highscore.mp3 */; };
		846700782A85CFB50057FD52 /* ring-up.mp3 in Resources */ = {isa = PBXBuildFile; fileRef = 846700702A85CFB50057FD52 /* ring-up.mp3 */; };
		8467007B2A85D0FF0057FD52 /* DiceView.swift in Sources */ = {isa = PBXBuildFile; fileRef = 8467007A2A85D0FF0057FD52 /* DiceView.swift */; };
		846700802A85D2AF0057FD52 /* helper.swift in Sources */ = {isa = PBXBuildFile; fileRef = 8467007F2A85D2AF0057FD52 /* helper.swift */; };
		846700822A85FA9D0057FD52 /* ScoreView.swift in Sources */ = {isa = PBXBuildFile; fileRef = 846700812A85FA9D0057FD52 /* ScoreView.swift */; };
		846700842A86067E0057FD52 /* TextModifier.swift in Sources */ = {isa = PBXBuildFile; fileRef = 846700832A86067E0057FD52 /* TextModifier.swift */; };
		846700862A8615690057FD52 /* SheetView.swift in Sources */ = {isa = PBXBuildFile; fileRef = 846700852A8615690057FD52 /* SheetView.swift */; };
		848034682A862FCC00FF0DA0 /* ImageHeaderView.swift in Sources */ = {isa = PBXBuildFile; fileRef = 848034672A862FCC00FF0DA0 /* ImageHeaderView.swift */; };
		8480346A2A86356300FF0DA0 /* README.md in Resources */ = {isa = PBXBuildFile; fileRef = 848034692A86356300FF0DA0 /* README.md */; };
/* End PBXBuildFile section */

/* Begin PBXFileReference section */
		846700572A85CF700057FD52 /* simple dice game.app */ = {isa = PBXFileReference; explicitFileType = wrapper.application; includeInIndex = 0; path = "simple dice game.app"; sourceTree = BUILT_PRODUCTS_DIR; };
		8467005A2A85CF700057FD52 /* simple_dice_gameApp.swift */ = {isa = PBXFileReference; lastKnownFileType = sourcecode.swift; path = simple_dice_gameApp.swift; sourceTree = "<group>"; };
		8467005C2A85CF700057FD52 /* ContentView.swift */ = {isa = PBXFileReference; lastKnownFileType = sourcecode.swift; path = ContentView.swift; sourceTree = "<group>"; };
		8467005E2A85CF710057FD52 /* Assets.xcassets */ = {isa = PBXFileReference; lastKnownFileType = folder.assetcatalog; path = Assets.xcassets; sourceTree = "<group>"; };
		846700612A85CF710057FD52 /* Preview Assets.xcassets */ = {isa = PBXFileReference; lastKnownFileType = folder.assetcatalog; path = "Preview Assets.xcassets"; sourceTree = "<group>"; };
		846700692A85CFB50057FD52 /* bet-chip.mp3 */ = {isa = PBXFileReference; lastKnownFileType = audio.mp3; path = "bet-chip.mp3"; sourceTree = "<group>"; };
		8467006A2A85CFB50057FD52 /* blink.mp3 */ = {isa = PBXFileReference; lastKnownFileType = audio.mp3; path = blink.mp3; sourceTree = "<group>"; };
		8467006B2A85CFB50057FD52 /* winning.mp3 */ = {isa = PBXFileReference; lastKnownFileType = audio.mp3; path = winning.mp3; sourceTree = "<group>"; };
		8467006C2A85CFB50057FD52 /* spin.mp3 */ = {isa = PBXFileReference; lastKnownFileType = audio.mp3; path = spin.mp3; sourceTree = "<group>"; };
		8467006D2A85CFB50057FD52 /* gameover.mp3 */ = {isa = PBXFileReference; lastKnownFileType = audio.mp3; path = gameover.mp3; sourceTree = "<group>"; };
		8467006E2A85CFB50057FD52 /* drum-music.mp3 */ = {isa = PBXFileReference; lastKnownFileType = audio.mp3; path = "drum-music.mp3"; sourceTree = "<group>"; };
		8467006F2A85CFB50057FD52 /* highscore.mp3 */ = {isa = PBXFileReference; lastKnownFileType = audio.mp3; path = highscore.mp3; sourceTree = "<group>"; };
		846700702A85CFB50057FD52 /* ring-up.mp3 */ = {isa = PBXFileReference; lastKnownFileType = audio.mp3; path = "ring-up.mp3"; sourceTree = "<group>"; };
		8467007A2A85D0FF0057FD52 /* DiceView.swift */ = {isa = PBXFileReference; lastKnownFileType = sourcecode.swift; path = DiceView.swift; sourceTree = "<group>"; };
		8467007F2A85D2AF0057FD52 /* helper.swift */ = {isa = PBXFileReference; lastKnownFileType = sourcecode.swift; path = helper.swift; sourceTree = "<group>"; };
		846700812A85FA9D0057FD52 /* ScoreView.swift */ = {isa = PBXFileReference; lastKnownFileType = sourcecode.swift; path = ScoreView.swift; sourceTree = "<group>"; };
		846700832A86067E0057FD52 /* TextModifier.swift */ = {isa = PBXFileReference; lastKnownFileType = sourcecode.swift; path = TextModifier.swift; sourceTree = "<group>"; };
		846700852A8615690057FD52 /* SheetView.swift */ = {isa = PBXFileReference; lastKnownFileType = sourcecode.swift; path = SheetView.swift; sourceTree = "<group>"; };
		848034672A862FCC00FF0DA0 /* ImageHeaderView.swift */ = {isa = PBXFileReference; lastKnownFileType = sourcecode.swift; path = ImageHeaderView.swift; sourceTree = "<group>"; };
		848034692A86356300FF0DA0 /* README.md */ = {isa = PBXFileReference; lastKnownFileType = net.daringfireball.markdown; path = README.md; sourceTree = "<group>"; };
/* End PBXFileReference section */

/* Begin PBXFrameworksBuildPhase section */
		846700542A85CF700057FD52 /* Frameworks */ = {
			isa = PBXFrameworksBuildPhase;
			buildActionMask = 2147483647;
			files = (
			);
			runOnlyForDeploymentPostprocessing = 0;
		};
/* End PBXFrameworksBuildPhase section */

/* Begin PBXGroup section */
		8467004E2A85CF700057FD52 = {
			isa = PBXGroup;
			children = (
				846700592A85CF700057FD52 /* simple dice game */,
				846700582A85CF700057FD52 /* Products */,
			);
			sourceTree = "<group>";
		};
		846700582A85CF700057FD52 /* Products */ = {
			isa = PBXGroup;
			children = (
				846700572A85CF700057FD52 /* simple dice game.app */,
			);
			name = Products;
			sourceTree = "<group>";
		};
		846700592A85CF700057FD52 /* simple dice game */ = {
			isa = PBXGroup;
			children = (
				8467007C2A85D2850057FD52 /* helpers */,
				846700792A85D0EA0057FD52 /* Views */,
				846700682A85CFB50057FD52 /* sound-effect */,
				8467005A2A85CF700057FD52 /* simple_dice_gameApp.swift */,
				8467005C2A85CF700057FD52 /* ContentView.swift */,
				8467005E2A85CF710057FD52 /* Assets.xcassets */,
				846700602A85CF710057FD52 /* Preview Content */,
				848034692A86356300FF0DA0 /* README.md */,
			);
			path = "simple dice game";
			sourceTree = "<group>";
		};
		846700602A85CF710057FD52 /* Preview Content */ = {
			isa = PBXGroup;
			children = (
				846700612A85CF710057FD52 /* Preview Assets.xcassets */,
			);
			path = "Preview Content";
			sourceTree = "<group>";
		};
		846700682A85CFB50057FD52 /* sound-effect */ = {
			isa = PBXGroup;
			children = (
				846700692A85CFB50057FD52 /* bet-chip.mp3 */,
				8467006A2A85CFB50057FD52 /* blink.mp3 */,
				8467006B2A85CFB50057FD52 /* winning.mp3 */,
				8467006C2A85CFB50057FD52 /* spin.mp3 */,
				8467006D2A85CFB50057FD52 /* gameover.mp3 */,
				8467006E2A85CFB50057FD52 /* drum-music.mp3 */,
				8467006F2A85CFB50057FD52 /* highscore.mp3 */,
				846700702A85CFB50057FD52 /* ring-up.mp3 */,
			);
			path = "sound-effect";
			sourceTree = "<group>";
		};
		846700792A85D0EA0057FD52 /* Views */ = {
			isa = PBXGroup;
			children = (
				8467007A2A85D0FF0057FD52 /* DiceView.swift */,
				846700812A85FA9D0057FD52 /* ScoreView.swift */,
				846700832A86067E0057FD52 /* TextModifier.swift */,
				846700852A8615690057FD52 /* SheetView.swift */,
				848034672A862FCC00FF0DA0 /* ImageHeaderView.swift */,
			);
			path = Views;
			sourceTree = "<group>";
		};
		8467007C2A85D2850057FD52 /* helpers */ = {
			isa = PBXGroup;
			children = (
				8467007F2A85D2AF0057FD52 /* helper.swift */,
			);
			path = helpers;
			sourceTree = "<group>";
		};
/* End PBXGroup section */

/* Begin PBXNativeTarget section */
		846700562A85CF700057FD52 /* simple dice game */ = {
			isa = PBXNativeTarget;
			buildConfigurationList = 846700652A85CF710057FD52 /* Build configuration list for PBXNativeTarget "simple dice game" */;
			buildPhases = (
				846700532A85CF700057FD52 /* Sources */,
				846700542A85CF700057FD52 /* Frameworks */,
				846700552A85CF700057FD52 /* Resources */,
			);
			buildRules = (
			);
			dependencies = (
			);
			name = "simple dice game";
			productName = "simple dice game";
			productReference = 846700572A85CF700057FD52 /* simple dice game.app */;
			productType = "com.apple.product-type.application";
		};
/* End PBXNativeTarget section */

/* Begin PBXProject section */
		8467004F2A85CF700057FD52 /* Project object */ = {
			isa = PBXProject;
			attributes = {
				BuildIndependentTargetsInParallel = 1;
				LastSwiftUpdateCheck = 1420;
				LastUpgradeCheck = 1420;
				TargetAttributes = {
					846700562A85CF700057FD52 = {
						CreatedOnToolsVersion = 14.2;
					};
				};
			};
			buildConfigurationList = 846700522A85CF700057FD52 /* Build configuration list for PBXProject "simple dice game" */;
			compatibilityVersion = "Xcode 14.0";
			developmentRegion = en;
			hasScannedForEncodings = 0;
			knownRegions = (
				en,
				Base,
			);
			mainGroup = 8467004E2A85CF700057FD52;
			productRefGroup = 846700582A85CF700057FD52 /* Products */;
			projectDirPath = "";
			projectRoot = "";
			targets = (
				846700562A85CF700057FD52 /* simple dice game */,
			);
		};
/* End PBXProject section */

/* Begin PBXResourcesBuildPhase section */
		846700552A85CF700057FD52 /* Resources */ = {
			isa = PBXResourcesBuildPhase;
			buildActionMask = 2147483647;
			files = (
				846700772A85CFB50057FD52 /* highscore.mp3 in Resources */,
				846700782A85CFB50057FD52 /* ring-up.mp3 in Resources */,
				846700752A85CFB50057FD52 /* gameover.mp3 in Resources */,
				846700622A85CF710057FD52 /* Preview Assets.xcassets in Resources */,
				846700762A85CFB50057FD52 /* drum-music.mp3 in Resources */,
				846700712A85CFB50057FD52 /* bet-chip.mp3 in Resources */,
				846700742A85CFB50057FD52 /* spin.mp3 in Resources */,
				8467005F2A85CF710057FD52 /* Assets.xcassets in Resources */,
				846700722A85CFB50057FD52 /* blink.mp3 in Resources */,
				8480346A2A86356300FF0DA0 /* README.md in Resources */,
				846700732A85CFB50057FD52 /* winning.mp3 in Resources */,
			);
			runOnlyForDeploymentPostprocessing = 0;
		};
/* End PBXResourcesBuildPhase section */

/* Begin PBXSourcesBuildPhase section */
		846700532A85CF700057FD52 /* Sources */ = {
			isa = PBXSourcesBuildPhase;
			buildActionMask = 2147483647;
			files = (
				8467005D2A85CF700057FD52 /* ContentView.swift in Sources */,
				846700862A8615690057FD52 /* SheetView.swift in Sources */,
				8467007B2A85D0FF0057FD52 /* DiceView.swift in Sources */,
				8467005B2A85CF700057FD52 /* simple_dice_gameApp.swift in Sources */,
				846700802A85D2AF0057FD52 /* helper.swift in Sources */,
				846700822A85FA9D0057FD52 /* ScoreView.swift in Sources */,
				846700842A86067E0057FD52 /* TextModifier.swift in Sources */,
				848034682A862FCC00FF0DA0 /* ImageHeaderView.swift in Sources */,
			);
			runOnlyForDeploymentPostprocessing = 0;
		};
/* End PBXSourcesBuildPhase section */

/* Begin XCBuildConfiguration section */
		846700632A85CF710057FD52 /* Debug */ = {
			isa = XCBuildConfiguration;
			buildSettings = {
				ALWAYS_SEARCH_USER_PATHS = NO;
				CLANG_ANALYZER_NONNULL = YES;
				CLANG_ANALYZER_NUMBER_OBJECT_CONVERSION = YES_AGGRESSIVE;
				CLANG_CXX_LANGUAGE_STANDARD = "gnu++20";
				CLANG_ENABLE_MODULES = YES;
				CLANG_ENABLE_OBJC_ARC = YES;
				CLANG_ENABLE_OBJC_WEAK = YES;
				CLANG_WARN_BLOCK_CAPTURE_AUTORELEASING = YES;
				CLANG_WARN_BOOL_CONVERSION = YES;
				CLANG_WARN_COMMA = YES;
				CLANG_WARN_CONSTANT_CONVERSION = YES;
				CLANG_WARN_DEPRECATED_OBJC_IMPLEMENTATIONS = YES;
				CLANG_WARN_DIRECT_OBJC_ISA_USAGE = YES_ERROR;
				CLANG_WARN_DOCUMENTATION_COMMENTS = YES;
				CLANG_WARN_EMPTY_BODY = YES;
				CLANG_WARN_ENUM_CONVERSION = YES;
				CLANG_WARN_INFINITE_RECURSION = YES;
				CLANG_WARN_INT_CONVERSION = YES;
				CLANG_WARN_NON_LITERAL_NULL_CONVERSION = YES;
				CLANG_WARN_OBJC_IMPLICIT_RETAIN_SELF = YES;
				CLANG_WARN_OBJC_LITERAL_CONVERSION = YES;
				CLANG_WARN_OBJC_ROOT_CLASS = YES_ERROR;
				CLANG_WARN_QUOTED_INCLUDE_IN_FRAMEWORK_HEADER = YES;
				CLANG_WARN_RANGE_LOOP_ANALYSIS = YES;
				CLANG_WARN_STRICT_PROTOTYPES = YES;
				CLANG_WARN_SUSPICIOUS_MOVE = YES;
				CLANG_WARN_UNGUARDED_AVAILABILITY = YES_AGGRESSIVE;
				CLANG_WARN_UNREACHABLE_CODE = YES;
				CLANG_WARN__DUPLICATE_METHOD_MATCH = YES;
				COPY_PHASE_STRIP = NO;
				DEBUG_INFORMATION_FORMAT = dwarf;
				ENABLE_STRICT_OBJC_MSGSEND = YES;
				ENABLE_TESTABILITY = YES;
				GCC_C_LANGUAGE_STANDARD = gnu11;
				GCC_DYNAMIC_NO_PIC = NO;
				GCC_NO_COMMON_BLOCKS = YES;
				GCC_OPTIMIZATION_LEVEL = 0;
				GCC_PREPROCESSOR_DEFINITIONS = (
					"DEBUG=1",
					"$(inherited)",
				);
				GCC_WARN_64_TO_32_BIT_CONVERSION = YES;
				GCC_WARN_ABOUT_RETURN_TYPE = YES_ERROR;
				GCC_WARN_UNDECLARED_SELECTOR = YES;
				GCC_WARN_UNINITIALIZED_AUTOS = YES_AGGRESSIVE;
				GCC_WARN_UNUSED_FUNCTION = YES;
				GCC_WARN_UNUSED_VARIABLE = YES;
				IPHONEOS_DEPLOYMENT_TARGET = 16.2;
				MTL_ENABLE_DEBUG_INFO = INCLUDE_SOURCE;
				MTL_FAST_MATH = YES;
				ONLY_ACTIVE_ARCH = YES;
				SDKROOT = iphoneos;
				SWIFT_ACTIVE_COMPILATION_CONDITIONS = DEBUG;
				SWIFT_OPTIMIZATION_LEVEL = "-Onone";
			};
			name = Debug;
		};
		846700642A85CF710057FD52 /* Release */ = {
			isa = XCBuildConfiguration;
			buildSettings = {
				ALWAYS_SEARCH_USER_PATHS = NO;
				CLANG_ANALYZER_NONNULL = YES;
				CLANG_ANALYZER_NUMBER_OBJECT_CONVERSION = YES_AGGRESSIVE;
				CLANG_CXX_LANGUAGE_STANDARD = "gnu++20";
				CLANG_ENABLE_MODULES = YES;
				CLANG_ENABLE_OBJC_ARC = YES;
				CLANG_ENABLE_OBJC_WEAK = YES;
				CLANG_WARN_BLOCK_CAPTURE_AUTORELEASING = YES;
				CLANG_WARN_BOOL_CONVERSION = YES;
				CLANG_WARN_COMMA = YES;
				CLANG_WARN_CONSTANT_CONVERSION = YES;
				CLANG_WARN_DEPRECATED_OBJC_IMPLEMENTATIONS = YES;
				CLANG_WARN_DIRECT_OBJC_ISA_USAGE = YES_ERROR;
				CLANG_WARN_DOCUMENTATION_COMMENTS = YES;
				CLANG_WARN_EMPTY_BODY = YES;
				CLANG_WARN_ENUM_CONVERSION = YES;
				CLANG_WARN_INFINITE_RECURSION = YES;
				CLANG_WARN_INT_CONVERSION = YES;
				CLANG_WARN_NON_LITERAL_NULL_CONVERSION = YES;
				CLANG_WARN_OBJC_IMPLICIT_RETAIN_SELF = YES;
				CLANG_WARN_OBJC_LITERAL_CONVERSION = YES;
				CLANG_WARN_OBJC_ROOT_CLASS = YES_ERROR;
				CLANG_WARN_QUOTED_INCLUDE_IN_FRAMEWORK_HEADER = YES;
				CLANG_WARN_RANGE_LOOP_ANALYSIS = YES;
				CLANG_WARN_STRICT_PROTOTYPES = YES;
				CLANG_WARN_SUSPICIOUS_MOVE = YES;
				CLANG_WARN_UNGUARDED_AVAILABILITY = YES_AGGRESSIVE;
				CLANG_WARN_UNREACHABLE_CODE = YES;
				CLANG_WARN__DUPLICATE_METHOD_MATCH = YES;
				COPY_PHASE_STRIP = NO;
				DEBUG_INFORMATION_FORMAT = "dwarf-with-dsym";
				ENABLE_NS_ASSERTIONS = NO;
				ENABLE_STRICT_OBJC_MSGSEND = YES;
				GCC_C_LANGUAGE_STANDARD = gnu11;
				GCC_NO_COMMON_BLOCKS = YES;
				GCC_WARN_64_TO_32_BIT_CONVERSION = YES;
				GCC_WARN_ABOUT_RETURN_TYPE = YES_ERROR;
				GCC_WARN_UNDECLARED_SELECTOR = YES;
				GCC_WARN_UNINITIALIZED_AUTOS = YES_AGGRESSIVE;
				GCC_WARN_UNUSED_FUNCTION = YES;
				GCC_WARN_UNUSED_VARIABLE = YES;
				IPHONEOS_DEPLOYMENT_TARGET = 16.2;
				MTL_ENABLE_DEBUG_INFO = NO;
				MTL_FAST_MATH = YES;
				SDKROOT = iphoneos;
				SWIFT_COMPILATION_MODE = wholemodule;
				SWIFT_OPTIMIZATION_LEVEL = "-O";
				VALIDATE_PRODUCT = YES;
			};
			name = Release;
		};
		846700662A85CF710057FD52 /* Debug */ = {
			isa = XCBuildConfiguration;
			buildSettings = {
				ASSETCATALOG_COMPILER_APPICON_NAME = AppIcon;
				ASSETCATALOG_COMPILER_GLOBAL_ACCENT_COLOR_NAME = AccentColor;
				CODE_SIGN_STYLE = Automatic;
				CURRENT_PROJECT_VERSION = 1;
				DEVELOPMENT_ASSET_PATHS = "\"simple dice game/Preview Content\"";
				DEVELOPMENT_TEAM = 4CY82QY9BX;
				ENABLE_PREVIEWS = YES;
				GENERATE_INFOPLIST_FILE = YES;
				INFOPLIST_KEY_UIApplicationSceneManifest_Generation = YES;
				INFOPLIST_KEY_UIApplicationSupportsIndirectInputEvents = YES;
				INFOPLIST_KEY_UILaunchScreen_Generation = YES;
				INFOPLIST_KEY_UISupportedInterfaceOrientations_iPad = "UIInterfaceOrientationPortrait UIInterfaceOrientationPortraitUpsideDown UIInterfaceOrientationLandscapeLeft UIInterfaceOrientationLandscapeRight";
				INFOPLIST_KEY_UISupportedInterfaceOrientations_iPhone = "UIInterfaceOrientationPortrait UIInterfaceOrientationLandscapeLeft UIInterfaceOrientationLandscapeRight";
				LD_RUNPATH_SEARCH_PATHS = (
					"$(inherited)",
					"@executable_path/Frameworks",
				);
				MARKETING_VERSION = 1.0;
				PRODUCT_BUNDLE_IDENTIFIER = "com.irisialyoung.simple-dice-game";
				PRODUCT_NAME = "$(TARGET_NAME)";
				SWIFT_EMIT_LOC_STRINGS = YES;
				SWIFT_VERSION = 5.0;
				TARGETED_DEVICE_FAMILY = "1,2";
			};
			name = Debug;
		};
		846700672A85CF710057FD52 /* Release */ = {
			isa = XCBuildConfiguration;
			buildSettings = {
				ASSETCATALOG_COMPILER_APPICON_NAME = AppIcon;
				ASSETCATALOG_COMPILER_GLOBAL_ACCENT_COLOR_NAME = AccentColor;
				CODE_SIGN_STYLE = Automatic;
				CURRENT_PROJECT_VERSION = 1;
				DEVELOPMENT_ASSET_PATHS = "\"simple dice game/Preview Content\"";
				DEVELOPMENT_TEAM = 4CY82QY9BX;
				ENABLE_PREVIEWS = YES;
				GENERATE_INFOPLIST_FILE = YES;
				INFOPLIST_KEY_UIApplicationSceneManifest_Generation = YES;
				INFOPLIST_KEY_UIApplicationSupportsIndirectInputEvents = YES;
				INFOPLIST_KEY_UILaunchScreen_Generation = YES;
				INFOPLIST_KEY_UISupportedInterfaceOrientations_iPad = "UIInterfaceOrientationPortrait UIInterfaceOrientationPortraitUpsideDown UIInterfaceOrientationLandscapeLeft UIInterfaceOrientationLandscapeRight";
				INFOPLIST_KEY_UISupportedInterfaceOrientations_iPhone = "UIInterfaceOrientationPortrait UIInterfaceOrientationLandscapeLeft UIInterfaceOrientationLandscapeRight";
				LD_RUNPATH_SEARCH_PATHS = (
					"$(inherited)",
					"@executable_path/Frameworks",
				);
				MARKETING_VERSION = 1.0;
				PRODUCT_BUNDLE_IDENTIFIER = "com.irisialyoung.simple-dice-game";
				PRODUCT_NAME = "$(TARGET_NAME)";
				SWIFT_EMIT_LOC_STRINGS = YES;
				SWIFT_VERSION = 5.0;
				TARGETED_DEVICE_FAMILY = "1,2";
			};
			name = Release;
		};
/* End XCBuildConfiguration section */

/* Begin XCConfigurationList section */
		846700522A85CF700057FD52 /* Build configuration list for PBXProject "simple dice game" */ = {
			isa = XCConfigurationList;
			buildConfigurations = (
				846700632A85CF710057FD52 /* Debug */,
				846700642A85CF710057FD52 /* Release */,
			);
			defaultConfigurationIsVisible = 0;
			defaultConfigurationName = Release;
		};
		846700652A85CF710057FD52 /* Build configuration list for PBXNativeTarget "simple dice game" */ = {
			isa = XCConfigurationList;
			buildConfigurations = (
				846700662A85CF710057FD52 /* Debug */,
				846700672A85CF710057FD52 /* Release */,
			);
			defaultConfigurationIsVisible = 0;
			defaultConfigurationName = Release;
		};
/* End XCConfigurationList section */
	};
	rootObject = 8467004F2A85CF700057FD52 /* Project object */;
}
